// !$*UTF8*$!
{
	archiveVersion = 1;
	classes = {
	};
	objectVersion = 48;
	objects = {

/* Begin PBXBuildFile section */
		231416981FFCC28800F113FC /* NoteCell.swift in Sources */ = {isa = PBXBuildFile; fileRef = 231416961FFCC28800F113FC /* NoteCell.swift */; };
		231416991FFCC28800F113FC /* NoteCell.xib in Resources */ = {isa = PBXBuildFile; fileRef = 231416971FFCC28800F113FC /* NoteCell.xib */; };
		234C10222007050500CF23B0 /* SQLiteHelper.swift in Sources */ = {isa = PBXBuildFile; fileRef = 234C10212007050500CF23B0 /* SQLiteHelper.swift */; };
		234C102520076BE300CF23B0 /* libsqlite3.0.tbd in Frameworks */ = {isa = PBXBuildFile; fileRef = 234C102420076BE200CF23B0 /* libsqlite3.0.tbd */; };
		234D53122018AD0B001732AC /* CreateNoteVC.swift in Sources */ = {isa = PBXBuildFile; fileRef = 234D53112018AD0B001732AC /* CreateNoteVC.swift */; };
		234D53152019B819001732AC /* Group login29@2x.png in Resources */ = {isa = PBXBuildFile; fileRef = 234D53132019B819001732AC /* Group login29@2x.png */; };
		234D53162019B819001732AC /* login29@2x.png in Resources */ = {isa = PBXBuildFile; fileRef = 234D53142019B819001732AC /* login29@2x.png */; };
		234D53182019B8A8001732AC /* note create32@2x.png in Resources */ = {isa = PBXBuildFile; fileRef = 234D53172019B8A8001732AC /* note create32@2x.png */; };
		235D7A501FCD04CD004DB418 /* AppDelegate.swift in Sources */ = {isa = PBXBuildFile; fileRef = 235D7A4F1FCD04CD004DB418 /* AppDelegate.swift */; };
		235D7A521FCD04CD004DB418 /* ViewController.swift in Sources */ = {isa = PBXBuildFile; fileRef = 235D7A511FCD04CD004DB418 /* ViewController.swift */; };
		235D7A551FCD04CD004DB418 /* Main.storyboard in Resources */ = {isa = PBXBuildFile; fileRef = 235D7A531FCD04CD004DB418 /* Main.storyboard */; };
		235D7A571FCD04CD004DB418 /* Assets.xcassets in Resources */ = {isa = PBXBuildFile; fileRef = 235D7A561FCD04CD004DB418 /* Assets.xcassets */; };
		235D7A5A1FCD04CD004DB418 /* LaunchScreen.storyboard in Resources */ = {isa = PBXBuildFile; fileRef = 235D7A581FCD04CD004DB418 /* LaunchScreen.storyboard */; };
		235F3418202885DF00E48CEE /* ModifyMasterPasswordVC.swift in Sources */ = {isa = PBXBuildFile; fileRef = 235F3417202885DF00E48CEE /* ModifyMasterPasswordVC.swift */; };
		238A66BD202070EF00BEAACF /* CreateMasterPasswordVC.swift in Sources */ = {isa = PBXBuildFile; fileRef = 238A66BC202070EF00BEAACF /* CreateMasterPasswordVC.swift */; };
		238CB29E2057B0BB007D1236 /* BaseTableViewController.swift in Sources */ = {isa = PBXBuildFile; fileRef = 238CB29D2057B0BB007D1236 /* BaseTableViewController.swift */; };
		238CB2A02057B326007D1236 /* ResultsTableViewController.swift in Sources */ = {isa = PBXBuildFile; fileRef = 238CB29F2057B326007D1236 /* ResultsTableViewController.swift */; };
		238FD9691FDA99F70015B855 /* CreateItemVC.swift in Sources */ = {isa = PBXBuildFile; fileRef = 238FD9681FDA99F70015B855 /* CreateItemVC.swift */; };
		2396E960202DC00800216A6C /* EPViewController.swift in Sources */ = {isa = PBXBuildFile; fileRef = 2396E95F202DC00800216A6C /* EPViewController.swift */; };
		23B33D981FCE666B005403C1 /* MainTableViewController.swift in Sources */ = {isa = PBXBuildFile; fileRef = 23B33D971FCE666A005403C1 /* MainTableViewController.swift */; };
		23B33D9B1FCE66AD005403C1 /* FolderModel.swift in Sources */ = {isa = PBXBuildFile; fileRef = 23B33D9A1FCE66AD005403C1 /* FolderModel.swift */; };
		23DC7C8E1FE274DC00D6A9BB /* ItemDetailTVC.swift in Sources */ = {isa = PBXBuildFile; fileRef = 23DC7C8D1FE274DC00D6A9BB /* ItemDetailTVC.swift */; };
		5A073EC820148AE100BBD3F5 /* note36@2x.png in Resources */ = {isa = PBXBuildFile; fileRef = 5A073EC720148AE000BBD3F5 /* note36@2x.png */; };
		5A2584E920981FEA00EE381B /* EasyPasswordTests.swift in Sources */ = {isa = PBXBuildFile; fileRef = 5A2584E820981FEA00EE381B /* EasyPasswordTests.swift */; };
		5A2584F12098B56D00EE381B /* LoginTest.swift in Sources */ = {isa = PBXBuildFile; fileRef = 5A2584F02098B56D00EE381B /* LoginTest.swift */; };
		5A2584F92098C17E00EE381B /* EasyPasswordUITests_Login_.swift in Sources */ = {isa = PBXBuildFile; fileRef = 5A2584F82098C17E00EE381B /* EasyPasswordUITests_Login_.swift */; };
		5A25850B20994C7D00EE381B /* EasyPasswordUITests.swift in Sources */ = {isa = PBXBuildFile; fileRef = 5A5A73BA2090B1E2009E9EE0 /* EasyPasswordUITests.swift */; };
		5A25850C20994C7D00EE381B /* LoginTest.swift in Sources */ = {isa = PBXBuildFile; fileRef = 5A2584F02098B56D00EE381B /* LoginTest.swift */; };
		5A258515209D49B500EE381B /* NoteTest.swift in Sources */ = {isa = PBXBuildFile; fileRef = 5A258514209D49B500EE381B /* NoteTest.swift */; };
		5A5A73BB2090B1E2009E9EE0 /* EasyPasswordUITests.swift in Sources */ = {isa = PBXBuildFile; fileRef = 5A5A73BA2090B1E2009E9EE0 /* EasyPasswordUITests.swift */; };
		5A8495E82029F91B006840C2 /* 设置.png in Resources */ = {isa = PBXBuildFile; fileRef = 5A8495E72029F91A006840C2 /* 设置.png */; };
		5A8495EA2029FAFF006840C2 /* 设置32.png in Resources */ = {isa = PBXBuildFile; fileRef = 5A8495E92029FAFE006840C2 /* 设置32.png */; };
		5A8495EC2029FB37006840C2 /* 设置20.png in Resources */ = {isa = PBXBuildFile; fileRef = 5A8495EB2029FB36006840C2 /* 设置20.png */; };
		5A93B55A1FF37829003C94FC /* GenerateView.swift in Sources */ = {isa = PBXBuildFile; fileRef = 5A93B5591FF37829003C94FC /* GenerateView.swift */; };
		5A93B55C1FF37838003C94FC /* GenerateView.xib in Resources */ = {isa = PBXBuildFile; fileRef = 5A93B55B1FF37838003C94FC /* GenerateView.xib */; };
		5ABD541C2017891F00918486 /* note29@2x.png in Resources */ = {isa = PBXBuildFile; fileRef = 5ABD541B2017891F00918486 /* note29@2x.png */; };
		5ABD54202018E19B00918486 /* AddNoteVC.swift in Sources */ = {isa = PBXBuildFile; fileRef = 5ABD541F2018E19B00918486 /* AddNoteVC.swift */; };
		5ABFED6B201AB12B00565509 /* note create40@2x.png in Resources */ = {isa = PBXBuildFile; fileRef = 5ABFED6A201AB12A00565509 /* note create40@2x.png */; };
		5ABFED6D201B7E7600565509 /* login36@2x.png in Resources */ = {isa = PBXBuildFile; fileRef = 5ABFED6C201B7E7500565509 /* login36@2x.png */; };
		5ABFED71201B83FE00565509 /* Item all29@2x.png in Resources */ = {isa = PBXBuildFile; fileRef = 5ABFED70201B83FE00565509 /* Item all29@2x.png */; };
		5ABFED75201B893F00565509 /* MasterPasswordVC.swift in Sources */ = {isa = PBXBuildFile; fileRef = 5ABFED74201B893F00565509 /* MasterPasswordVC.swift */; };
		5ABFED80201B986F00565509 /* arrow_white@2x.png in Resources */ = {isa = PBXBuildFile; fileRef = 5ABFED7E201B986E00565509 /* arrow_white@2x.png */; };
		5ABFED81201B986F00565509 /* arrow_gray@2x.png in Resources */ = {isa = PBXBuildFile; fileRef = 5ABFED7F201B986E00565509 /* arrow_gray@2x.png */; };
		5ABFED85201B9A0000565509 /* logo@2x.png in Resources */ = {isa = PBXBuildFile; fileRef = 5ABFED84201B99FF00565509 /* logo@2x.png */; };
		5AC802A0201D7E630063B2C9 /* ORHelper.swift in Sources */ = {isa = PBXBuildFile; fileRef = 5AC8029F201D7E630063B2C9 /* ORHelper.swift */; };
		5AEF16141FD6F43F00FAD262 /* ItemListTVC.swift in Sources */ = {isa = PBXBuildFile; fileRef = 5AEF16131FD6F43F00FAD262 /* ItemListTVC.swift */; };
		5AEF16161FD6F71A00FAD262 /* ItemModel.swift in Sources */ = {isa = PBXBuildFile; fileRef = 5AEF16151FD6F71A00FAD262 /* ItemModel.swift */; };
/* End PBXBuildFile section */

/* Begin PBXContainerItemProxy section */
		5A2584EB20981FEA00EE381B /* PBXContainerItemProxy */ = {
			isa = PBXContainerItemProxy;
			containerPortal = 235D7A441FCD04CD004DB418 /* Project object */;
			proxyType = 1;
			remoteGlobalIDString = 235D7A4B1FCD04CD004DB418;
			remoteInfo = EasyPassword;
		};
		5A2584FB2098C17E00EE381B /* PBXContainerItemProxy */ = {
			isa = PBXContainerItemProxy;
			containerPortal = 235D7A441FCD04CD004DB418 /* Project object */;
			proxyType = 1;
			remoteGlobalIDString = 235D7A4B1FCD04CD004DB418;
			remoteInfo = EasyPassword;
		};
		5A25850920994C7D00EE381B /* PBXContainerItemProxy */ = {
			isa = PBXContainerItemProxy;
			containerPortal = 235D7A441FCD04CD004DB418 /* Project object */;
			proxyType = 1;
			remoteGlobalIDString = 235D7A4B1FCD04CD004DB418;
			remoteInfo = EasyPassword;
		};
		5A5A73BD2090B1E2009E9EE0 /* PBXContainerItemProxy */ = {
			isa = PBXContainerItemProxy;
			containerPortal = 235D7A441FCD04CD004DB418 /* Project object */;
			proxyType = 1;
			remoteGlobalIDString = 235D7A4B1FCD04CD004DB418;
			remoteInfo = EasyPassword;
		};
/* End PBXContainerItemProxy section */

/* Begin PBXFileReference section */
		231416961FFCC28800F113FC /* NoteCell.swift */ = {isa = PBXFileReference; lastKnownFileType = sourcecode.swift; path = NoteCell.swift; sourceTree = "<group>"; };
		231416971FFCC28800F113FC /* NoteCell.xib */ = {isa = PBXFileReference; lastKnownFileType = file.xib; path = NoteCell.xib; sourceTree = "<group>"; };
		234C10212007050500CF23B0 /* SQLiteHelper.swift */ = {isa = PBXFileReference; lastKnownFileType = sourcecode.swift; path = SQLiteHelper.swift; sourceTree = "<group>"; };
		234C102420076BE200CF23B0 /* libsqlite3.0.tbd */ = {isa = PBXFileReference; lastKnownFileType = "sourcecode.text-based-dylib-definition"; name = libsqlite3.0.tbd; path = usr/lib/libsqlite3.0.tbd; sourceTree = SDKROOT; };
		234D53112018AD0B001732AC /* CreateNoteVC.swift */ = {isa = PBXFileReference; lastKnownFileType = sourcecode.swift; path = CreateNoteVC.swift; sourceTree = "<group>"; };
		234D53132019B819001732AC /* Group login29@2x.png */ = {isa = PBXFileReference; lastKnownFileType = image.png; path = "Group login29@2x.png"; sourceTree = "<group>"; };
		234D53142019B819001732AC /* login29@2x.png */ = {isa = PBXFileReference; lastKnownFileType = image.png; path = "login29@2x.png"; sourceTree = "<group>"; };
		234D53172019B8A8001732AC /* note create32@2x.png */ = {isa = PBXFileReference; lastKnownFileType = image.png; path = "note create32@2x.png"; sourceTree = "<group>"; };
		235D7A4C1FCD04CD004DB418 /* EasyPassword.app */ = {isa = PBXFileReference; explicitFileType = wrapper.application; includeInIndex = 0; path = EasyPassword.app; sourceTree = BUILT_PRODUCTS_DIR; };
		235D7A4F1FCD04CD004DB418 /* AppDelegate.swift */ = {isa = PBXFileReference; lastKnownFileType = sourcecode.swift; path = AppDelegate.swift; sourceTree = "<group>"; };
		235D7A511FCD04CD004DB418 /* ViewController.swift */ = {isa = PBXFileReference; lastKnownFileType = sourcecode.swift; path = ViewController.swift; sourceTree = "<group>"; };
		235D7A541FCD04CD004DB418 /* Base */ = {isa = PBXFileReference; lastKnownFileType = file.storyboard; name = Base; path = Base.lproj/Main.storyboard; sourceTree = "<group>"; };
		235D7A561FCD04CD004DB418 /* Assets.xcassets */ = {isa = PBXFileReference; lastKnownFileType = folder.assetcatalog; path = Assets.xcassets; sourceTree = "<group>"; };
		235D7A591FCD04CD004DB418 /* Base */ = {isa = PBXFileReference; lastKnownFileType = file.storyboard; name = Base; path = Base.lproj/LaunchScreen.storyboard; sourceTree = "<group>"; };
		235D7A5B1FCD04CD004DB418 /* Info.plist */ = {isa = PBXFileReference; lastKnownFileType = text.plist.xml; path = Info.plist; sourceTree = "<group>"; };
		235F3417202885DF00E48CEE /* ModifyMasterPasswordVC.swift */ = {isa = PBXFileReference; lastKnownFileType = sourcecode.swift; path = ModifyMasterPasswordVC.swift; sourceTree = "<group>"; };
		238A66BC202070EF00BEAACF /* CreateMasterPasswordVC.swift */ = {isa = PBXFileReference; lastKnownFileType = sourcecode.swift; path = CreateMasterPasswordVC.swift; sourceTree = "<group>"; };
		238CB29D2057B0BB007D1236 /* BaseTableViewController.swift */ = {isa = PBXFileReference; lastKnownFileType = sourcecode.swift; path = BaseTableViewController.swift; sourceTree = "<group>"; };
		238CB29F2057B326007D1236 /* ResultsTableViewController.swift */ = {isa = PBXFileReference; lastKnownFileType = sourcecode.swift; path = ResultsTableViewController.swift; sourceTree = "<group>"; };
		238FD9681FDA99F70015B855 /* CreateItemVC.swift */ = {isa = PBXFileReference; lastKnownFileType = sourcecode.swift; path = CreateItemVC.swift; sourceTree = "<group>"; };
		2396E95F202DC00800216A6C /* EPViewController.swift */ = {isa = PBXFileReference; lastKnownFileType = sourcecode.swift; path = EPViewController.swift; sourceTree = "<group>"; };
		23B33D941FCD8069005403C1 /* PlistHelper.swift */ = {isa = PBXFileReference; lastKnownFileType = sourcecode.swift; path = PlistHelper.swift; sourceTree = "<group>"; };
		23B33D971FCE666A005403C1 /* MainTableViewController.swift */ = {isa = PBXFileReference; fileEncoding = 4; lastKnownFileType = sourcecode.swift; path = MainTableViewController.swift; sourceTree = "<group>"; };
		23B33D9A1FCE66AD005403C1 /* FolderModel.swift */ = {isa = PBXFileReference; lastKnownFileType = sourcecode.swift; path = FolderModel.swift; sourceTree = "<group>"; };
		23DC7C8D1FE274DC00D6A9BB /* ItemDetailTVC.swift */ = {isa = PBXFileReference; lastKnownFileType = sourcecode.swift; path = ItemDetailTVC.swift; sourceTree = "<group>"; };
		5A073EC720148AE000BBD3F5 /* note36@2x.png */ = {isa = PBXFileReference; lastKnownFileType = image.png; path = "note36@2x.png"; sourceTree = "<group>"; };
		5A2584E620981FE900EE381B /* EasyPasswordTests.xctest */ = {isa = PBXFileReference; explicitFileType = wrapper.cfbundle; includeInIndex = 0; path = EasyPasswordTests.xctest; sourceTree = BUILT_PRODUCTS_DIR; };
		5A2584E820981FEA00EE381B /* EasyPasswordTests.swift */ = {isa = PBXFileReference; lastKnownFileType = sourcecode.swift; path = EasyPasswordTests.swift; sourceTree = "<group>"; };
		5A2584EA20981FEA00EE381B /* Info.plist */ = {isa = PBXFileReference; lastKnownFileType = text.plist.xml; path = Info.plist; sourceTree = "<group>"; };
		5A2584F02098B56D00EE381B /* LoginTest.swift */ = {isa = PBXFileReference; lastKnownFileType = sourcecode.swift; path = LoginTest.swift; sourceTree = "<group>"; };
		5A2584F62098C17E00EE381B /* EasyPasswordUITests(Login).xctest */ = {isa = PBXFileReference; explicitFileType = wrapper.cfbundle; includeInIndex = 0; path = "EasyPasswordUITests(Login).xctest"; sourceTree = BUILT_PRODUCTS_DIR; };
		5A2584F82098C17E00EE381B /* EasyPasswordUITests_Login_.swift */ = {isa = PBXFileReference; lastKnownFileType = sourcecode.swift; path = EasyPasswordUITests_Login_.swift; sourceTree = "<group>"; };
		5A2584FA2098C17E00EE381B /* Info.plist */ = {isa = PBXFileReference; lastKnownFileType = text.plist.xml; path = Info.plist; sourceTree = "<group>"; };
		5A25851220994C7D00EE381B /* EasyPasswordUITests_copy.xctest */ = {isa = PBXFileReference; explicitFileType = wrapper.cfbundle; includeInIndex = 0; path = EasyPasswordUITests_copy.xctest; sourceTree = BUILT_PRODUCTS_DIR; };
		5A25851320994C7D00EE381B /* EasyPasswordUITests copy-Info.plist */ = {isa = PBXFileReference; lastKnownFileType = text.plist.xml; name = "EasyPasswordUITests copy-Info.plist"; path = "/Users/owen/Documents/XcodeSpace/Swift/Demo/EasyPassword/EasyPasswordUITests copy-Info.plist"; sourceTree = "<absolute>"; };
		5A258514209D49B500EE381B /* NoteTest.swift */ = {isa = PBXFileReference; lastKnownFileType = sourcecode.swift; path = NoteTest.swift; sourceTree = "<group>"; };
		5A5A73B82090B1E2009E9EE0 /* EasyPasswordUITests.xctest */ = {isa = PBXFileReference; explicitFileType = wrapper.cfbundle; includeInIndex = 0; path = EasyPasswordUITests.xctest; sourceTree = BUILT_PRODUCTS_DIR; };
		5A5A73BA2090B1E2009E9EE0 /* EasyPasswordUITests.swift */ = {isa = PBXFileReference; lastKnownFileType = sourcecode.swift; path = EasyPasswordUITests.swift; sourceTree = "<group>"; };
		5A5A73BC2090B1E2009E9EE0 /* Info.plist */ = {isa = PBXFileReference; lastKnownFileType = text.plist.xml; path = Info.plist; sourceTree = "<group>"; };
		5A8495E72029F91A006840C2 /* 设置.png */ = {isa = PBXFileReference; lastKnownFileType = image.png; path = "设置.png"; sourceTree = "<group>"; };
		5A8495E92029FAFE006840C2 /* 设置32.png */ = {isa = PBXFileReference; lastKnownFileType = image.png; path = "设置32.png"; sourceTree = "<group>"; };
		5A8495EB2029FB36006840C2 /* 设置20.png */ = {isa = PBXFileReference; lastKnownFileType = image.png; path = "设置20.png"; sourceTree = "<group>"; };
		5A93B5591FF37829003C94FC /* GenerateView.swift */ = {isa = PBXFileReference; lastKnownFileType = sourcecode.swift; path = GenerateView.swift; sourceTree = "<group>"; };
		5A93B55B1FF37838003C94FC /* GenerateView.xib */ = {isa = PBXFileReference; lastKnownFileType = file.xib; path = GenerateView.xib; sourceTree = "<group>"; };
		5ABD541B2017891F00918486 /* note29@2x.png */ = {isa = PBXFileReference; lastKnownFileType = image.png; path = "note29@2x.png"; sourceTree = "<group>"; };
		5ABD541F2018E19B00918486 /* AddNoteVC.swift */ = {isa = PBXFileReference; lastKnownFileType = sourcecode.swift; path = AddNoteVC.swift; sourceTree = "<group>"; };
		5ABFED6A201AB12A00565509 /* note create40@2x.png */ = {isa = PBXFileReference; lastKnownFileType = image.png; path = "note create40@2x.png"; sourceTree = "<group>"; };
		5ABFED6C201B7E7500565509 /* login36@2x.png */ = {isa = PBXFileReference; lastKnownFileType = image.png; path = "login36@2x.png"; sourceTree = "<group>"; };
		5ABFED70201B83FE00565509 /* Item all29@2x.png */ = {isa = PBXFileReference; lastKnownFileType = image.png; path = "Item all29@2x.png"; sourceTree = "<group>"; };
		5ABFED74201B893F00565509 /* MasterPasswordVC.swift */ = {isa = PBXFileReference; lastKnownFileType = sourcecode.swift; path = MasterPasswordVC.swift; sourceTree = "<group>"; };
		5ABFED7E201B986E00565509 /* arrow_white@2x.png */ = {isa = PBXFileReference; lastKnownFileType = image.png; path = "arrow_white@2x.png"; sourceTree = "<group>"; };
		5ABFED7F201B986E00565509 /* arrow_gray@2x.png */ = {isa = PBXFileReference; lastKnownFileType = image.png; path = "arrow_gray@2x.png"; sourceTree = "<group>"; };
		5ABFED84201B99FF00565509 /* logo@2x.png */ = {isa = PBXFileReference; lastKnownFileType = image.png; path = "logo@2x.png"; sourceTree = "<group>"; };
		5AC8029F201D7E630063B2C9 /* ORHelper.swift */ = {isa = PBXFileReference; lastKnownFileType = sourcecode.swift; path = ORHelper.swift; sourceTree = "<group>"; };
		5AEF16131FD6F43F00FAD262 /* ItemListTVC.swift */ = {isa = PBXFileReference; lastKnownFileType = sourcecode.swift; path = ItemListTVC.swift; sourceTree = "<group>"; };
		5AEF16151FD6F71A00FAD262 /* ItemModel.swift */ = {isa = PBXFileReference; lastKnownFileType = sourcecode.swift; path = ItemModel.swift; sourceTree = "<group>"; };
/* End PBXFileReference section */

/* Begin PBXFrameworksBuildPhase section */
		235D7A491FCD04CD004DB418 /* Frameworks */ = {
			isa = PBXFrameworksBuildPhase;
			buildActionMask = 2147483647;
			files = (
				234C102520076BE300CF23B0 /* libsqlite3.0.tbd in Frameworks */,
			);
			runOnlyForDeploymentPostprocessing = 0;
		};
		5A2584E320981FE900EE381B /* Frameworks */ = {
			isa = PBXFrameworksBuildPhase;
			buildActionMask = 2147483647;
			files = (
			);
			runOnlyForDeploymentPostprocessing = 0;
		};
		5A2584F32098C17E00EE381B /* Frameworks */ = {
			isa = PBXFrameworksBuildPhase;
			buildActionMask = 2147483647;
			files = (
			);
			runOnlyForDeploymentPostprocessing = 0;
		};
		5A25850D20994C7D00EE381B /* Frameworks */ = {
			isa = PBXFrameworksBuildPhase;
			buildActionMask = 2147483647;
			files = (
			);
			runOnlyForDeploymentPostprocessing = 0;
		};
		5A5A73B52090B1E2009E9EE0 /* Frameworks */ = {
			isa = PBXFrameworksBuildPhase;
			buildActionMask = 2147483647;
			files = (
			);
			runOnlyForDeploymentPostprocessing = 0;
		};
/* End PBXFrameworksBuildPhase section */

/* Begin PBXGroup section */
		2335AFFE1FDFDA1E00E2A922 /* resource */ = {
			isa = PBXGroup;
			children = (
				234D53132019B819001732AC /* Group login29@2x.png */,
				234D53142019B819001732AC /* login29@2x.png */,
				5ABFED6C201B7E7500565509 /* login36@2x.png */,
				5ABD541B2017891F00918486 /* note29@2x.png */,
				5A073EC720148AE000BBD3F5 /* note36@2x.png */,
				234D53172019B8A8001732AC /* note create32@2x.png */,
				5ABFED6A201AB12A00565509 /* note create40@2x.png */,
				5ABFED70201B83FE00565509 /* Item all29@2x.png */,
				5ABFED7F201B986E00565509 /* arrow_gray@2x.png */,
				5ABFED7E201B986E00565509 /* arrow_white@2x.png */,
				5ABFED84201B99FF00565509 /* logo@2x.png */,
				5A8495E72029F91A006840C2 /* 设置.png */,
				5A8495E92029FAFE006840C2 /* 设置32.png */,
				5A8495EB2029FB36006840C2 /* 设置20.png */,
			);
			path = resource;
			sourceTree = "<group>";
		};
		234C102320076BE200CF23B0 /* Frameworks */ = {
			isa = PBXGroup;
			children = (
				234C102420076BE200CF23B0 /* libsqlite3.0.tbd */,
			);
			name = Frameworks;
			sourceTree = "<group>";
		};
		235D7A431FCD04CD004DB418 = {
			isa = PBXGroup;
			children = (
				235D7A4E1FCD04CD004DB418 /* EasyPassword */,
				5A2584E720981FEA00EE381B /* EasyPasswordTests */,
				5A5A73B92090B1E2009E9EE0 /* EasyPasswordUITests */,
				5A2584F72098C17E00EE381B /* EasyPasswordUITests(Login) */,
				235D7A4D1FCD04CD004DB418 /* Products */,
				234C102320076BE200CF23B0 /* Frameworks */,
				5A25851320994C7D00EE381B /* EasyPasswordUITests copy-Info.plist */,
			);
			sourceTree = "<group>";
		};
		235D7A4D1FCD04CD004DB418 /* Products */ = {
			isa = PBXGroup;
			children = (
				235D7A4C1FCD04CD004DB418 /* EasyPassword.app */,
				5A5A73B82090B1E2009E9EE0 /* EasyPasswordUITests.xctest */,
				5A2584E620981FE900EE381B /* EasyPasswordTests.xctest */,
				5A2584F62098C17E00EE381B /* EasyPasswordUITests(Login).xctest */,
				5A25851220994C7D00EE381B /* EasyPasswordUITests_copy.xctest */,
			);
			name = Products;
			sourceTree = "<group>";
		};
		235D7A4E1FCD04CD004DB418 /* EasyPassword */ = {
			isa = PBXGroup;
			children = (
				235D7A4F1FCD04CD004DB418 /* AppDelegate.swift */,
				235D7A511FCD04CD004DB418 /* ViewController.swift */,
				5ADB32E320AFF64C00E9E8D4 /* Helper */,
				23B33D961FCE666A005403C1 /* main */,
				5AEF16121FD6F0BD00FAD262 /* item */,
				2335AFFE1FDFDA1E00E2A922 /* resource */,
				235D7A531FCD04CD004DB418 /* Main.storyboard */,
				235D7A561FCD04CD004DB418 /* Assets.xcassets */,
				235D7A581FCD04CD004DB418 /* LaunchScreen.storyboard */,
				235D7A5B1FCD04CD004DB418 /* Info.plist */,
			);
			path = EasyPassword;
			sourceTree = "<group>";
		};
		23B33D961FCE666A005403C1 /* main */ = {
			isa = PBXGroup;
			children = (
				23B33D9A1FCE66AD005403C1 /* FolderModel.swift */,
				23B33D971FCE666A005403C1 /* MainTableViewController.swift */,
				5ABFED74201B893F00565509 /* MasterPasswordVC.swift */,
				238A66BC202070EF00BEAACF /* CreateMasterPasswordVC.swift */,
				235F3417202885DF00E48CEE /* ModifyMasterPasswordVC.swift */,
			);
			path = main;
			sourceTree = "<group>";
		};
		5A2584E720981FEA00EE381B /* EasyPasswordTests */ = {
			isa = PBXGroup;
			children = (
				5A2584E820981FEA00EE381B /* EasyPasswordTests.swift */,
				5A2584EA20981FEA00EE381B /* Info.plist */,
			);
			path = EasyPasswordTests;
			sourceTree = "<group>";
		};
		5A2584F72098C17E00EE381B /* EasyPasswordUITests(Login) */ = {
			isa = PBXGroup;
			children = (
				5A2584F82098C17E00EE381B /* EasyPasswordUITests_Login_.swift */,
				5A2584FA2098C17E00EE381B /* Info.plist */,
			);
			path = "EasyPasswordUITests(Login)";
			sourceTree = "<group>";
		};
		5A5A73B92090B1E2009E9EE0 /* EasyPasswordUITests */ = {
			isa = PBXGroup;
			children = (
				5A5A73BA2090B1E2009E9EE0 /* EasyPasswordUITests.swift */,
				5A2584F02098B56D00EE381B /* LoginTest.swift */,
				5A258514209D49B500EE381B /* NoteTest.swift */,
				5A5A73BC2090B1E2009E9EE0 /* Info.plist */,
			);
			path = EasyPasswordUITests;
			sourceTree = "<group>";
		};
		5ADB32E020AFF59300E9E8D4 /* Controller */ = {
			isa = PBXGroup;
			children = (
				5AEF16131FD6F43F00FAD262 /* ItemListTVC.swift */,
				238FD9681FDA99F70015B855 /* CreateItemVC.swift */,
				234D53112018AD0B001732AC /* CreateNoteVC.swift */,
				5ABD541F2018E19B00918486 /* AddNoteVC.swift */,
				23DC7C8D1FE274DC00D6A9BB /* ItemDetailTVC.swift */,
				238CB29D2057B0BB007D1236 /* BaseTableViewController.swift */,
				238CB29F2057B326007D1236 /* ResultsTableViewController.swift */,
			);
			path = Controller;
			sourceTree = "<group>";
		};
		5ADB32E120AFF5D900E9E8D4 /* View */ = {
			isa = PBXGroup;
			children = (
				5A93B5591FF37829003C94FC /* GenerateView.swift */,
				5A93B55B1FF37838003C94FC /* GenerateView.xib */,
				231416961FFCC28800F113FC /* NoteCell.swift */,
				231416971FFCC28800F113FC /* NoteCell.xib */,
			);
			path = View;
			sourceTree = "<group>";
		};
		5ADB32E220AFF5E700E9E8D4 /* Model */ = {
			isa = PBXGroup;
			children = (
				5AEF16151FD6F71A00FAD262 /* ItemModel.swift */,
			);
			path = Model;
			sourceTree = "<group>";
		};
		5ADB32E320AFF64C00E9E8D4 /* Helper */ = {
			isa = PBXGroup;
			children = (
				23B33D941FCD8069005403C1 /* PlistHelper.swift */,
				234C10212007050500CF23B0 /* SQLiteHelper.swift */,
				5AC8029F201D7E630063B2C9 /* ORHelper.swift */,
				2396E95F202DC00800216A6C /* EPViewController.swift */,
			);
			path = Helper;
			sourceTree = "<group>";
		};
		5AEF16121FD6F0BD00FAD262 /* item */ = {
			isa = PBXGroup;
			children = (
				5ADB32E220AFF5E700E9E8D4 /* Model */,
				5ADB32E120AFF5D900E9E8D4 /* View */,
				5ADB32E020AFF59300E9E8D4 /* Controller */,
			);
			path = item;
			sourceTree = "<group>";
		};
/* End PBXGroup section */

/* Begin PBXNativeTarget section */
		235D7A4B1FCD04CD004DB418 /* EasyPassword */ = {
			isa = PBXNativeTarget;
			buildConfigurationList = 235D7A5E1FCD04CD004DB418 /* Build configuration list for PBXNativeTarget "EasyPassword" */;
			buildPhases = (
				235D7A481FCD04CD004DB418 /* Sources */,
				235D7A491FCD04CD004DB418 /* Frameworks */,
				235D7A4A1FCD04CD004DB418 /* Resources */,
			);
			buildRules = (
			);
			dependencies = (
			);
			name = EasyPassword;
			productName = EasyPassword;
			productReference = 235D7A4C1FCD04CD004DB418 /* EasyPassword.app */;
			productType = "com.apple.product-type.application";
		};
		5A2584E520981FE900EE381B /* EasyPasswordTests */ = {
			isa = PBXNativeTarget;
			buildConfigurationList = 5A2584EF20981FEA00EE381B /* Build configuration list for PBXNativeTarget "EasyPasswordTests" */;
			buildPhases = (
				5A2584E220981FE900EE381B /* Sources */,
				5A2584E320981FE900EE381B /* Frameworks */,
				5A2584E420981FE900EE381B /* Resources */,
			);
			buildRules = (
			);
			dependencies = (
				5A2584EC20981FEA00EE381B /* PBXTargetDependency */,
			);
			name = EasyPasswordTests;
			productName = EasyPasswordTests;
			productReference = 5A2584E620981FE900EE381B /* EasyPasswordTests.xctest */;
			productType = "com.apple.product-type.bundle.unit-test";
		};
		5A2584F52098C17E00EE381B /* EasyPasswordUITests(Login) */ = {
			isa = PBXNativeTarget;
			buildConfigurationList = 5A2584FD2098C17E00EE381B /* Build configuration list for PBXNativeTarget "EasyPasswordUITests(Login)" */;
			buildPhases = (
				5A2584F22098C17E00EE381B /* Sources */,
				5A2584F32098C17E00EE381B /* Frameworks */,
				5A2584F42098C17E00EE381B /* Resources */,
			);
			buildRules = (
			);
			dependencies = (
				5A2584FC2098C17E00EE381B /* PBXTargetDependency */,
			);
			name = "EasyPasswordUITests(Login)";
			productName = "EasyPasswordUITests(Login)";
			productReference = 5A2584F62098C17E00EE381B /* EasyPasswordUITests(Login).xctest */;
			productType = "com.apple.product-type.bundle.ui-testing";
		};
		5A25850720994C7D00EE381B /* EasyPasswordUITests_copy */ = {
			isa = PBXNativeTarget;
			buildConfigurationList = 5A25850F20994C7D00EE381B /* Build configuration list for PBXNativeTarget "EasyPasswordUITests_copy" */;
			buildPhases = (
				5A25850A20994C7D00EE381B /* Sources */,
				5A25850D20994C7D00EE381B /* Frameworks */,
				5A25850E20994C7D00EE381B /* Resources */,
			);
			buildRules = (
			);
			dependencies = (
				5A25850820994C7D00EE381B /* PBXTargetDependency */,
			);
			name = EasyPasswordUITests_copy;
			productName = EasyPasswordUITests;
			productReference = 5A25851220994C7D00EE381B /* EasyPasswordUITests_copy.xctest */;
			productType = "com.apple.product-type.bundle.ui-testing";
		};
		5A5A73B72090B1E2009E9EE0 /* EasyPasswordUITests */ = {
			isa = PBXNativeTarget;
			buildConfigurationList = 5A5A73BF2090B1E2009E9EE0 /* Build configuration list for PBXNativeTarget "EasyPasswordUITests" */;
			buildPhases = (
				5A5A73B42090B1E2009E9EE0 /* Sources */,
				5A5A73B52090B1E2009E9EE0 /* Frameworks */,
				5A5A73B62090B1E2009E9EE0 /* Resources */,
			);
			buildRules = (
			);
			dependencies = (
				5A5A73BE2090B1E2009E9EE0 /* PBXTargetDependency */,
			);
			name = EasyPasswordUITests;
			productName = EasyPasswordUITests;
			productReference = 5A5A73B82090B1E2009E9EE0 /* EasyPasswordUITests.xctest */;
			productType = "com.apple.product-type.bundle.ui-testing";
		};
/* End PBXNativeTarget section */

/* Begin PBXProject section */
		235D7A441FCD04CD004DB418 /* Project object */ = {
			isa = PBXProject;
			attributes = {
				LastSwiftUpdateCheck = 0930;
				LastUpgradeCheck = 0910;
				ORGANIZATIONNAME = libowen;
				TargetAttributes = {
					235D7A4B1FCD04CD004DB418 = {
						CreatedOnToolsVersion = 9.1;
						ProvisioningStyle = Manual;
					};
					5A2584E520981FE900EE381B = {
						CreatedOnToolsVersion = 9.3;
						ProvisioningStyle = Automatic;
						TestTargetID = 235D7A4B1FCD04CD004DB418;
					};
					5A2584F52098C17E00EE381B = {
						CreatedOnToolsVersion = 9.3;
						ProvisioningStyle = Automatic;
						TestTargetID = 235D7A4B1FCD04CD004DB418;
					};
					5A25850720994C7D00EE381B = {
						ProvisioningStyle = Manual;
						TestTargetID = 235D7A4B1FCD04CD004DB418;
					};
					5A5A73B72090B1E2009E9EE0 = {
						CreatedOnToolsVersion = 9.3;
						ProvisioningStyle = Manual;
						TestTargetID = 235D7A4B1FCD04CD004DB418;
					};
				};
			};
			buildConfigurationList = 235D7A471FCD04CD004DB418 /* Build configuration list for PBXProject "EasyPassword" */;
			compatibilityVersion = "Xcode 8.0";
			developmentRegion = en;
			hasScannedForEncodings = 0;
			knownRegions = (
				en,
				Base,
			);
			mainGroup = 235D7A431FCD04CD004DB418;
			productRefGroup = 235D7A4D1FCD04CD004DB418 /* Products */;
			projectDirPath = "";
			projectRoot = "";
			targets = (
				235D7A4B1FCD04CD004DB418 /* EasyPassword */,
				5A2584E520981FE900EE381B /* EasyPasswordTests */,
				5A5A73B72090B1E2009E9EE0 /* EasyPasswordUITests */,
				5A25850720994C7D00EE381B /* EasyPasswordUITests_copy */,
				5A2584F52098C17E00EE381B /* EasyPasswordUITests(Login) */,
			);
		};
/* End PBXProject section */

/* Begin PBXResourcesBuildPhase section */
		235D7A4A1FCD04CD004DB418 /* Resources */ = {
			isa = PBXResourcesBuildPhase;
			buildActionMask = 2147483647;
			files = (
				235D7A5A1FCD04CD004DB418 /* LaunchScreen.storyboard in Resources */,
				5ABFED71201B83FE00565509 /* Item all29@2x.png in Resources */,
				5A073EC820148AE100BBD3F5 /* note36@2x.png in Resources */,
				234D53152019B819001732AC /* Group login29@2x.png in Resources */,
				235D7A571FCD04CD004DB418 /* Assets.xcassets in Resources */,
				5A8495E82029F91B006840C2 /* 设置.png in Resources */,
				231416991FFCC28800F113FC /* NoteCell.xib in Resources */,
				235D7A551FCD04CD004DB418 /* Main.storyboard in Resources */,
				5ABFED81201B986F00565509 /* arrow_gray@2x.png in Resources */,
				5A93B55C1FF37838003C94FC /* GenerateView.xib in Resources */,
				5ABFED80201B986F00565509 /* arrow_white@2x.png in Resources */,
				5ABD541C2017891F00918486 /* note29@2x.png in Resources */,
				5A8495EC2029FB37006840C2 /* 设置20.png in Resources */,
				5ABFED6D201B7E7600565509 /* login36@2x.png in Resources */,
				234D53182019B8A8001732AC /* note create32@2x.png in Resources */,
				5ABFED85201B9A0000565509 /* logo@2x.png in Resources */,
				5A8495EA2029FAFF006840C2 /* 设置32.png in Resources */,
				234D53162019B819001732AC /* login29@2x.png in Resources */,
				5ABFED6B201AB12B00565509 /* note create40@2x.png in Resources */,
			);
			runOnlyForDeploymentPostprocessing = 0;
		};
		5A2584E420981FE900EE381B /* Resources */ = {
			isa = PBXResourcesBuildPhase;
			buildActionMask = 2147483647;
			files = (
			);
			runOnlyForDeploymentPostprocessing = 0;
		};
		5A2584F42098C17E00EE381B /* Resources */ = {
			isa = PBXResourcesBuildPhase;
			buildActionMask = 2147483647;
			files = (
			);
			runOnlyForDeploymentPostprocessing = 0;
		};
		5A25850E20994C7D00EE381B /* Resources */ = {
			isa = PBXResourcesBuildPhase;
			buildActionMask = 2147483647;
			files = (
			);
			runOnlyForDeploymentPostprocessing = 0;
		};
		5A5A73B62090B1E2009E9EE0 /* Resources */ = {
			isa = PBXResourcesBuildPhase;
			buildActionMask = 2147483647;
			files = (
			);
			runOnlyForDeploymentPostprocessing = 0;
		};
/* End PBXResourcesBuildPhase section */

/* Begin PBXSourcesBuildPhase section */
		235D7A481FCD04CD004DB418 /* Sources */ = {
			isa = PBXSourcesBuildPhase;
			buildActionMask = 2147483647;
			files = (
				5AEF16141FD6F43F00FAD262 /* ItemListTVC.swift in Sources */,
				23DC7C8E1FE274DC00D6A9BB /* ItemDetailTVC.swift in Sources */,
				231416981FFCC28800F113FC /* NoteCell.swift in Sources */,
				238FD9691FDA99F70015B855 /* CreateItemVC.swift in Sources */,
				238CB2A02057B326007D1236 /* ResultsTableViewController.swift in Sources */,
				238A66BD202070EF00BEAACF /* CreateMasterPasswordVC.swift in Sources */,
				5ABFED75201B893F00565509 /* MasterPasswordVC.swift in Sources */,
				234D53122018AD0B001732AC /* CreateNoteVC.swift in Sources */,
				5A93B55A1FF37829003C94FC /* GenerateView.swift in Sources */,
				238CB29E2057B0BB007D1236 /* BaseTableViewController.swift in Sources */,
				5ABD54202018E19B00918486 /* AddNoteVC.swift in Sources */,
				23B33D981FCE666B005403C1 /* MainTableViewController.swift in Sources */,
				5AC802A0201D7E630063B2C9 /* ORHelper.swift in Sources */,
				235D7A521FCD04CD004DB418 /* ViewController.swift in Sources */,
				2396E960202DC00800216A6C /* EPViewController.swift in Sources */,
				23B33D9B1FCE66AD005403C1 /* FolderModel.swift in Sources */,
				5AEF16161FD6F71A00FAD262 /* ItemModel.swift in Sources */,
				235D7A501FCD04CD004DB418 /* AppDelegate.swift in Sources */,
				234C10222007050500CF23B0 /* SQLiteHelper.swift in Sources */,
				235F3418202885DF00E48CEE /* ModifyMasterPasswordVC.swift in Sources */,
			);
			runOnlyForDeploymentPostprocessing = 0;
		};
		5A2584E220981FE900EE381B /* Sources */ = {
			isa = PBXSourcesBuildPhase;
			buildActionMask = 2147483647;
			files = (
				5A2584E920981FEA00EE381B /* EasyPasswordTests.swift in Sources */,
			);
			runOnlyForDeploymentPostprocessing = 0;
		};
		5A2584F22098C17E00EE381B /* Sources */ = {
			isa = PBXSourcesBuildPhase;
			buildActionMask = 2147483647;
			files = (
				5A2584F92098C17E00EE381B /* EasyPasswordUITests_Login_.swift in Sources */,
			);
			runOnlyForDeploymentPostprocessing = 0;
		};
		5A25850A20994C7D00EE381B /* Sources */ = {
			isa = PBXSourcesBuildPhase;
			buildActionMask = 2147483647;
			files = (
				5A25850B20994C7D00EE381B /* EasyPasswordUITests.swift in Sources */,
				5A25850C20994C7D00EE381B /* LoginTest.swift in Sources */,
			);
			runOnlyForDeploymentPostprocessing = 0;
		};
		5A5A73B42090B1E2009E9EE0 /* Sources */ = {
			isa = PBXSourcesBuildPhase;
			buildActionMask = 2147483647;
			files = (
				5A5A73BB2090B1E2009E9EE0 /* EasyPasswordUITests.swift in Sources */,
				5A2584F12098B56D00EE381B /* LoginTest.swift in Sources */,
				5A258515209D49B500EE381B /* NoteTest.swift in Sources */,
			);
			runOnlyForDeploymentPostprocessing = 0;
		};
/* End PBXSourcesBuildPhase section */

/* Begin PBXTargetDependency section */
		5A2584EC20981FEA00EE381B /* PBXTargetDependency */ = {
			isa = PBXTargetDependency;
			target = 235D7A4B1FCD04CD004DB418 /* EasyPassword */;
			targetProxy = 5A2584EB20981FEA00EE381B /* PBXContainerItemProxy */;
		};
		5A2584FC2098C17E00EE381B /* PBXTargetDependency */ = {
			isa = PBXTargetDependency;
			target = 235D7A4B1FCD04CD004DB418 /* EasyPassword */;
			targetProxy = 5A2584FB2098C17E00EE381B /* PBXContainerItemProxy */;
		};
		5A25850820994C7D00EE381B /* PBXTargetDependency */ = {
			isa = PBXTargetDependency;
			target = 235D7A4B1FCD04CD004DB418 /* EasyPassword */;
			targetProxy = 5A25850920994C7D00EE381B /* PBXContainerItemProxy */;
		};
		5A5A73BE2090B1E2009E9EE0 /* PBXTargetDependency */ = {
			isa = PBXTargetDependency;
			target = 235D7A4B1FCD04CD004DB418 /* EasyPassword */;
			targetProxy = 5A5A73BD2090B1E2009E9EE0 /* PBXContainerItemProxy */;
		};
/* End PBXTargetDependency section */

/* Begin PBXVariantGroup section */
		235D7A531FCD04CD004DB418 /* Main.storyboard */ = {
			isa = PBXVariantGroup;
			children = (
				235D7A541FCD04CD004DB418 /* Base */,
			);
			name = Main.storyboard;
			sourceTree = "<group>";
		};
		235D7A581FCD04CD004DB418 /* LaunchScreen.storyboard */ = {
			isa = PBXVariantGroup;
			children = (
				235D7A591FCD04CD004DB418 /* Base */,
			);
			name = LaunchScreen.storyboard;
			sourceTree = "<group>";
		};
/* End PBXVariantGroup section */

/* Begin XCBuildConfiguration section */
		235D7A5C1FCD04CD004DB418 /* Debug */ = {
			isa = XCBuildConfiguration;
			buildSettings = {
				ALWAYS_SEARCH_USER_PATHS = NO;
				CLANG_ANALYZER_NONNULL = YES;
				CLANG_ANALYZER_NUMBER_OBJECT_CONVERSION = YES_AGGRESSIVE;
				CLANG_CXX_LANGUAGE_STANDARD = "gnu++14";
				CLANG_CXX_LIBRARY = "libc++";
				CLANG_ENABLE_MODULES = YES;
				CLANG_ENABLE_OBJC_ARC = YES;
				CLANG_WARN_BLOCK_CAPTURE_AUTORELEASING = YES;
				CLANG_WARN_BOOL_CONVERSION = YES;
				CLANG_WARN_COMMA = YES;
				CLANG_WARN_CONSTANT_CONVERSION = YES;
				CLANG_WARN_DIRECT_OBJC_ISA_USAGE = YES_ERROR;
				CLANG_WARN_DOCUMENTATION_COMMENTS = YES;
				CLANG_WARN_EMPTY_BODY = YES;
				CLANG_WARN_ENUM_CONVERSION = YES;
				CLANG_WARN_INFINITE_RECURSION = YES;
				CLANG_WARN_INT_CONVERSION = YES;
				CLANG_WARN_NON_LITERAL_NULL_CONVERSION = YES;
				CLANG_WARN_OBJC_LITERAL_CONVERSION = YES;
				CLANG_WARN_OBJC_ROOT_CLASS = YES_ERROR;
				CLANG_WARN_RANGE_LOOP_ANALYSIS = YES;
				CLANG_WARN_STRICT_PROTOTYPES = YES;
				CLANG_WARN_SUSPICIOUS_MOVE = YES;
				CLANG_WARN_UNGUARDED_AVAILABILITY = YES_AGGRESSIVE;
				CLANG_WARN_UNREACHABLE_CODE = YES;
				CLANG_WARN__DUPLICATE_METHOD_MATCH = YES;
				CODE_SIGN_IDENTITY = "iPhone Developer";
				COPY_PHASE_STRIP = NO;
				DEBUG_INFORMATION_FORMAT = dwarf;
				ENABLE_STRICT_OBJC_MSGSEND = YES;
				ENABLE_TESTABILITY = YES;
				GCC_C_LANGUAGE_STANDARD = gnu11;
				GCC_DYNAMIC_NO_PIC = NO;
				GCC_NO_COMMON_BLOCKS = YES;
				GCC_OPTIMIZATION_LEVEL = 0;
				GCC_PREPROCESSOR_DEFINITIONS = (
					"DEBUG=1",
					"$(inherited)",
				);
				GCC_WARN_64_TO_32_BIT_CONVERSION = YES;
				GCC_WARN_ABOUT_RETURN_TYPE = YES_ERROR;
				GCC_WARN_UNDECLARED_SELECTOR = YES;
				GCC_WARN_UNINITIALIZED_AUTOS = YES_AGGRESSIVE;
				GCC_WARN_UNUSED_FUNCTION = YES;
				GCC_WARN_UNUSED_VARIABLE = YES;
				IPHONEOS_DEPLOYMENT_TARGET = 11.1;
				MTL_ENABLE_DEBUG_INFO = YES;
				ONLY_ACTIVE_ARCH = YES;
				SDKROOT = iphoneos;
				SWIFT_ACTIVE_COMPILATION_CONDITIONS = DEBUG;
				SWIFT_OPTIMIZATION_LEVEL = "-Onone";
			};
			name = Debug;
		};
		235D7A5D1FCD04CD004DB418 /* Release */ = {
			isa = XCBuildConfiguration;
			buildSettings = {
				ALWAYS_SEARCH_USER_PATHS = NO;
				CLANG_ANALYZER_NONNULL = YES;
				CLANG_ANALYZER_NUMBER_OBJECT_CONVERSION = YES_AGGRESSIVE;
				CLANG_CXX_LANGUAGE_STANDARD = "gnu++14";
				CLANG_CXX_LIBRARY = "libc++";
				CLANG_ENABLE_MODULES = YES;
				CLANG_ENABLE_OBJC_ARC = YES;
				CLANG_WARN_BLOCK_CAPTURE_AUTORELEASING = YES;
				CLANG_WARN_BOOL_CONVERSION = YES;
				CLANG_WARN_COMMA = YES;
				CLANG_WARN_CONSTANT_CONVERSION = YES;
				CLANG_WARN_DIRECT_OBJC_ISA_USAGE = YES_ERROR;
				CLANG_WARN_DOCUMENTATION_COMMENTS = YES;
				CLANG_WARN_EMPTY_BODY = YES;
				CLANG_WARN_ENUM_CONVERSION = YES;
				CLANG_WARN_INFINITE_RECURSION = YES;
				CLANG_WARN_INT_CONVERSION = YES;
				CLANG_WARN_NON_LITERAL_NULL_CONVERSION = YES;
				CLANG_WARN_OBJC_LITERAL_CONVERSION = YES;
				CLANG_WARN_OBJC_ROOT_CLASS = YES_ERROR;
				CLANG_WARN_RANGE_LOOP_ANALYSIS = YES;
				CLANG_WARN_STRICT_PROTOTYPES = YES;
				CLANG_WARN_SUSPICIOUS_MOVE = YES;
				CLANG_WARN_UNGUARDED_AVAILABILITY = YES_AGGRESSIVE;
				CLANG_WARN_UNREACHABLE_CODE = YES;
				CLANG_WARN__DUPLICATE_METHOD_MATCH = YES;
				CODE_SIGN_IDENTITY = "iPhone Developer";
				COPY_PHASE_STRIP = NO;
				DEBUG_INFORMATION_FORMAT = "dwarf-with-dsym";
				ENABLE_NS_ASSERTIONS = NO;
				ENABLE_STRICT_OBJC_MSGSEND = YES;
				GCC_C_LANGUAGE_STANDARD = gnu11;
				GCC_NO_COMMON_BLOCKS = YES;
				GCC_WARN_64_TO_32_BIT_CONVERSION = YES;
				GCC_WARN_ABOUT_RETURN_TYPE = YES_ERROR;
				GCC_WARN_UNDECLARED_SELECTOR = YES;
				GCC_WARN_UNINITIALIZED_AUTOS = YES_AGGRESSIVE;
				GCC_WARN_UNUSED_FUNCTION = YES;
				GCC_WARN_UNUSED_VARIABLE = YES;
				IPHONEOS_DEPLOYMENT_TARGET = 11.1;
				MTL_ENABLE_DEBUG_INFO = NO;
				SDKROOT = iphoneos;
				SWIFT_OPTIMIZATION_LEVEL = "-Owholemodule";
				VALIDATE_PRODUCT = YES;
			};
			name = Release;
		};
		235D7A5F1FCD04CD004DB418 /* Debug */ = {
			isa = XCBuildConfiguration;
			buildSettings = {
				ASSETCATALOG_COMPILER_APPICON_NAME = AppIcon;
				ASSETCATALOG_COMPILER_LAUNCHIMAGE_NAME = LaunchImage;
				CODE_SIGN_IDENTITY = "iPhone Developer";
				"CODE_SIGN_IDENTITY[sdk=iphoneos*]" = "iPhone Developer";
				CODE_SIGN_STYLE = Manual;
				DEVELOPMENT_TEAM = KM6P947ZT3;
				INFOPLIST_FILE = EasyPassword/Info.plist;
				IPHONEOS_DEPLOYMENT_TARGET = 9.0;
				LD_RUNPATH_SEARCH_PATHS = "$(inherited) @executable_path/Frameworks";
				PRODUCT_BUNDLE_IDENTIFIER = com.tianyuchen.EasyPassword;
				PRODUCT_NAME = "$(TARGET_NAME)";
				PROVISIONING_PROFILE = "829c1f50-7bdc-4922-9bdd-1fe38b8bd49e";
				PROVISIONING_PROFILE_SPECIFIER = "EasyPassword Development Profile";
				SWIFT_VERSION = 4.0;
				TARGETED_DEVICE_FAMILY = 1;
			};
			name = Debug;
		};
		235D7A601FCD04CD004DB418 /* Release */ = {
			isa = XCBuildConfiguration;
			buildSettings = {
				ASSETCATALOG_COMPILER_APPICON_NAME = AppIcon;
				ASSETCATALOG_COMPILER_LAUNCHIMAGE_NAME = LaunchImage;
				CODE_SIGN_IDENTITY = "iPhone Developer";
				"CODE_SIGN_IDENTITY[sdk=iphoneos*]" = "iPhone Distribution";
				CODE_SIGN_STYLE = Manual;
				DEVELOPMENT_TEAM = "";
				INFOPLIST_FILE = EasyPassword/Info.plist;
				IPHONEOS_DEPLOYMENT_TARGET = 9.0;
				LD_RUNPATH_SEARCH_PATHS = "$(inherited) @executable_path/Frameworks";
				PRODUCT_BUNDLE_IDENTIFIER = com.tianyuchen.EasyPassword;
				PRODUCT_NAME = "$(TARGET_NAME)";
				PROVISIONING_PROFILE = "";
				PROVISIONING_PROFILE_SPECIFIER = "";
				SWIFT_VERSION = 4.0;
				TARGETED_DEVICE_FAMILY = 1;
			};
			name = Release;
		};
		5A2584ED20981FEA00EE381B /* Debug */ = {
			isa = XCBuildConfiguration;
			buildSettings = {
				BUNDLE_LOADER = "$(TEST_HOST)";
				CLANG_ENABLE_OBJC_WEAK = YES;
				CLANG_WARN_DEPRECATED_OBJC_IMPLEMENTATIONS = YES;
				CLANG_WARN_OBJC_IMPLICIT_RETAIN_SELF = YES;
				CODE_SIGN_STYLE = Automatic;
				DEVELOPMENT_TEAM = KM6P947ZT3;
				INFOPLIST_FILE = EasyPasswordTests/Info.plist;
				IPHONEOS_DEPLOYMENT_TARGET = 11.3;
				LD_RUNPATH_SEARCH_PATHS = "$(inherited) @executable_path/Frameworks @loader_path/Frameworks";
				PRODUCT_BUNDLE_IDENTIFIER = com..EasyPasswordTests;
				PRODUCT_NAME = "$(TARGET_NAME)";
				SWIFT_VERSION = 4.0;
				TARGETED_DEVICE_FAMILY = "1,2";
				TEST_HOST = "$(BUILT_PRODUCTS_DIR)/EasyPassword.app/EasyPassword";
			};
			name = Debug;
		};
		5A2584EE20981FEA00EE381B /* Release */ = {
			isa = XCBuildConfiguration;
			buildSettings = {
				BUNDLE_LOADER = "$(TEST_HOST)";
				CLANG_ENABLE_OBJC_WEAK = YES;
				CLANG_WARN_DEPRECATED_OBJC_IMPLEMENTATIONS = YES;
				CLANG_WARN_OBJC_IMPLICIT_RETAIN_SELF = YES;
				CODE_SIGN_STYLE = Automatic;
				DEVELOPMENT_TEAM = KM6P947ZT3;
				INFOPLIST_FILE = EasyPasswordTests/Info.plist;
				IPHONEOS_DEPLOYMENT_TARGET = 11.3;
				LD_RUNPATH_SEARCH_PATHS = "$(inherited) @executable_path/Frameworks @loader_path/Frameworks";
				PRODUCT_BUNDLE_IDENTIFIER = com..EasyPasswordTests;
				PRODUCT_NAME = "$(TARGET_NAME)";
				SWIFT_VERSION = 4.0;
				TARGETED_DEVICE_FAMILY = "1,2";
				TEST_HOST = "$(BUILT_PRODUCTS_DIR)/EasyPassword.app/EasyPassword";
			};
			name = Release;
		};
		5A2584FE2098C17E00EE381B /* Debug */ = {
			isa = XCBuildConfiguration;
			buildSettings = {
				CLANG_ENABLE_OBJC_WEAK = YES;
				CLANG_WARN_DEPRECATED_OBJC_IMPLEMENTATIONS = YES;
				CLANG_WARN_OBJC_IMPLICIT_RETAIN_SELF = YES;
				CODE_SIGN_STYLE = Automatic;
				DEVELOPMENT_TEAM = KM6P947ZT3;
				INFOPLIST_FILE = "EasyPasswordUITests(Login)/Info.plist";
				IPHONEOS_DEPLOYMENT_TARGET = 11.3;
				LD_RUNPATH_SEARCH_PATHS = "$(inherited) @executable_path/Frameworks @loader_path/Frameworks";
				PRODUCT_BUNDLE_IDENTIFIER = "com..EasyPasswordUITests-Login-";
				PRODUCT_NAME = "$(TARGET_NAME)";
				SWIFT_VERSION = 4.0;
				TARGETED_DEVICE_FAMILY = "1,2";
				TEST_TARGET_NAME = EasyPassword;
			};
			name = Debug;
		};
		5A2584FF2098C17E00EE381B /* Release */ = {
			isa = XCBuildConfiguration;
			buildSettings = {
				CLANG_ENABLE_OBJC_WEAK = YES;
				CLANG_WARN_DEPRECATED_OBJC_IMPLEMENTATIONS = YES;
				CLANG_WARN_OBJC_IMPLICIT_RETAIN_SELF = YES;
				CODE_SIGN_STYLE = Automatic;
				DEVELOPMENT_TEAM = KM6P947ZT3;
				INFOPLIST_FILE = "EasyPasswordUITests(Login)/Info.plist";
				IPHONEOS_DEPLOYMENT_TARGET = 11.3;
				LD_RUNPATH_SEARCH_PATHS = "$(inherited) @executable_path/Frameworks @loader_path/Frameworks";
				PRODUCT_BUNDLE_IDENTIFIER = "com..EasyPasswordUITests-Login-";
				PRODUCT_NAME = "$(TARGET_NAME)";
				SWIFT_VERSION = 4.0;
				TARGETED_DEVICE_FAMILY = "1,2";
				TEST_TARGET_NAME = EasyPassword;
			};
			name = Release;
		};
		5A25851020994C7D00EE381B /* Debug */ = {
			isa = XCBuildConfiguration;
			buildSettings = {
				CLANG_ENABLE_OBJC_WEAK = YES;
				CLANG_WARN_DEPRECATED_OBJC_IMPLEMENTATIONS = YES;
				CLANG_WARN_OBJC_IMPLICIT_RETAIN_SELF = YES;
				CODE_SIGN_IDENTITY = "iPhone Developer";
				CODE_SIGN_STYLE = Manual;
				DEVELOPMENT_TEAM = KM6P947ZT3;
				INFOPLIST_FILE = "EasyPasswordUITests copy-Info.plist";
				IPHONEOS_DEPLOYMENT_TARGET = 11.3;
				LD_RUNPATH_SEARCH_PATHS = "$(inherited) @executable_path/Frameworks @loader_path/Frameworks";
				PRODUCT_BUNDLE_IDENTIFIER = com.tianyuchen.EasyPassword;
				PRODUCT_NAME = "$(TARGET_NAME)";
				PROVISIONING_PROFILE = "";
				PROVISIONING_PROFILE_SPECIFIER = "EasyPassword Development Profile";
				SWIFT_VERSION = 4.0;
				TARGETED_DEVICE_FAMILY = "1,2";
				TEST_TARGET_NAME = EasyPassword;
			};
			name = Debug;
		};
		5A25851120994C7D00EE381B /* Release */ = {
			isa = XCBuildConfiguration;
			buildSettings = {
				CLANG_ENABLE_OBJC_WEAK = YES;
				CLANG_WARN_DEPRECATED_OBJC_IMPLEMENTATIONS = YES;
				CLANG_WARN_OBJC_IMPLICIT_RETAIN_SELF = YES;
				CODE_SIGN_IDENTITY = "iPhone Developer";
				CODE_SIGN_STYLE = Manual;
				DEVELOPMENT_TEAM = "";
				INFOPLIST_FILE = "EasyPasswordUITests copy-Info.plist";
				IPHONEOS_DEPLOYMENT_TARGET = 11.3;
				LD_RUNPATH_SEARCH_PATHS = "$(inherited) @executable_path/Frameworks @loader_path/Frameworks";
				PRODUCT_BUNDLE_IDENTIFIER = com.tianyuchen.EasyPassword;
				PRODUCT_NAME = "$(TARGET_NAME)";
				PROVISIONING_PROFILE = "";
				PROVISIONING_PROFILE_SPECIFIER = "";
				SWIFT_VERSION = 4.0;
				TARGETED_DEVICE_FAMILY = "1,2";
				TEST_TARGET_NAME = EasyPassword;
			};
			name = Release;
		};
		5A5A73C02090B1E2009E9EE0 /* Debug */ = {
			isa = XCBuildConfiguration;
			buildSettings = {
				CLANG_ENABLE_OBJC_WEAK = YES;
				CLANG_WARN_DEPRECATED_OBJC_IMPLEMENTATIONS = YES;
				CLANG_WARN_OBJC_IMPLICIT_RETAIN_SELF = YES;
				CODE_SIGN_IDENTITY = "iPhone Developer";
				CODE_SIGN_STYLE = Manual;
				DEVELOPMENT_TEAM = KM6P947ZT3;
				INFOPLIST_FILE = EasyPasswordUITests/Info.plist;
				IPHONEOS_DEPLOYMENT_TARGET = 11.3;
				LD_RUNPATH_SEARCH_PATHS = "$(inherited) @executable_path/Frameworks @loader_path/Frameworks";
				PRODUCT_BUNDLE_IDENTIFIER = com.tianyuchen.EasyPassword;
				PRODUCT_NAME = "$(TARGET_NAME)";
				PROVISIONING_PROFILE = "829c1f50-7bdc-4922-9bdd-1fe38b8bd49e";
				PROVISIONING_PROFILE_SPECIFIER = "EasyPassword Development Profile";
				SWIFT_VERSION = 4.0;
				TARGETED_DEVICE_FAMILY = "1,2";
				TEST_TARGET_NAME = EasyPassword;
			};
			name = Debug;
		};
		5A5A73C12090B1E2009E9EE0 /* Release */ = {
			isa = XCBuildConfiguration;
			buildSettings = {
				CLANG_ENABLE_OBJC_WEAK = YES;
				CLANG_WARN_DEPRECATED_OBJC_IMPLEMENTATIONS = YES;
				CLANG_WARN_OBJC_IMPLICIT_RETAIN_SELF = YES;
				CODE_SIGN_IDENTITY = "iPhone Developer";
				CODE_SIGN_STYLE = Manual;
				DEVELOPMENT_TEAM = "";
				INFOPLIST_FILE = EasyPasswordUITests/Info.plist;
				IPHONEOS_DEPLOYMENT_TARGET = 11.3;
				LD_RUNPATH_SEARCH_PATHS = "$(inherited) @executable_path/Frameworks @loader_path/Frameworks";
				PRODUCT_BUNDLE_IDENTIFIER = com.tianyuchen.EasyPassword;
				PRODUCT_NAME = "$(TARGET_NAME)";
				PROVISIONING_PROFILE_SPECIFIER = "";
				SWIFT_VERSION = 4.0;
				TARGETED_DEVICE_FAMILY = "1,2";
				TEST_TARGET_NAME = EasyPassword;
			};
			name = Release;
		};
/* End XCBuildConfiguration section */

/* Begin XCConfigurationList section */
		235D7A471FCD04CD004DB418 /* Build configuration list for PBXProject "EasyPassword" */ = {
			isa = XCConfigurationList;
			buildConfigurations = (
				235D7A5C1FCD04CD004DB418 /* Debug */,
				235D7A5D1FCD04CD004DB418 /* Release */,
			);
			defaultConfigurationIsVisible = 0;
			defaultConfigurationName = Release;
		};
		235D7A5E1FCD04CD004DB418 /* Build configuration list for PBXNativeTarget "EasyPassword" */ = {
			isa = XCConfigurationList;
			buildConfigurations = (
				235D7A5F1FCD04CD004DB418 /* Debug */,
				235D7A601FCD04CD004DB418 /* Release */,
			);
			defaultConfigurationIsVisible = 0;
			defaultConfigurationName = Release;
		};
		5A2584EF20981FEA00EE381B /* Build configuration list for PBXNativeTarget "EasyPasswordTests" */ = {
			isa = XCConfigurationList;
			buildConfigurations = (
				5A2584ED20981FEA00EE381B /* Debug */,
				5A2584EE20981FEA00EE381B /* Release */,
			);
			defaultConfigurationIsVisible = 0;
			defaultConfigurationName = Release;
		};
		5A2584FD2098C17E00EE381B /* Build configuration list for PBXNativeTarget "EasyPasswordUITests(Login)" */ = {
			isa = XCConfigurationList;
			buildConfigurations = (
				5A2584FE2098C17E00EE381B /* Debug */,
				5A2584FF2098C17E00EE381B /* Release */,
			);
			defaultConfigurationIsVisible = 0;
			defaultConfigurationName = Release;
		};
		5A25850F20994C7D00EE381B /* Build configuration list for PBXNativeTarget "EasyPasswordUITests_copy" */ = {
			isa = XCConfigurationList;
			buildConfigurations = (
				5A25851020994C7D00EE381B /* Debug */,
				5A25851120994C7D00EE381B /* Release */,
			);
			defaultConfigurationIsVisible = 0;
			defaultConfigurationName = Release;
		};
		5A5A73BF2090B1E2009E9EE0 /* Build configuration list for PBXNativeTarget "EasyPasswordUITests" */ = {
			isa = XCConfigurationList;
			buildConfigurations = (
				5A5A73C02090B1E2009E9EE0 /* Debug */,
				5A5A73C12090B1E2009E9EE0 /* Release */,
			);
			defaultConfigurationIsVisible = 0;
			defaultConfigurationName = Release;
		};
/* End XCConfigurationList section */
	};
	rootObject = 235D7A441FCD04CD004DB418 /* Project object */;
}
